// !$*UTF8*$!
{
	archiveVersion = 1;
	classes = {
	};
	objectVersion = 48;
	objects = {

/* Begin PBXBuildFile section */
		D08312971FF2D2E600DDC30A /* InputSelectorView.swift in Sources */ = {isa = PBXBuildFile; fileRef = D08312961FF2D2E600DDC30A /* InputSelectorView.swift */; };
		D08312991FF2FD5700DDC30A /* GalleryButtonView.swift in Sources */ = {isa = PBXBuildFile; fileRef = D08312981FF2FD5700DDC30A /* GalleryButtonView.swift */; };
		D083129B1FF303D300DDC30A /* CameraButtonView.swift in Sources */ = {isa = PBXBuildFile; fileRef = D083129A1FF303D300DDC30A /* CameraButtonView.swift */; };
		D08F575E1FF022A4007A3957 /* AppDelegate.swift in Sources */ = {isa = PBXBuildFile; fileRef = D08F575D1FF022A4007A3957 /* AppDelegate.swift */; };
		D08F57601FF022A4007A3957 /* ColorPickerViewController.swift in Sources */ = {isa = PBXBuildFile; fileRef = D08F575F1FF022A4007A3957 /* ColorPickerViewController.swift */; };
		D08F57631FF022A4007A3957 /* Main.storyboard in Resources */ = {isa = PBXBuildFile; fileRef = D08F57611FF022A4007A3957 /* Main.storyboard */; };
		D08F57651FF022A4007A3957 /* Assets.xcassets in Resources */ = {isa = PBXBuildFile; fileRef = D08F57641FF022A4007A3957 /* Assets.xcassets */; };
		D08F57681FF022A4007A3957 /* LaunchScreen.storyboard in Resources */ = {isa = PBXBuildFile; fileRef = D08F57661FF022A4007A3957 /* LaunchScreen.storyboard */; };
		D08F57731FF022A4007A3957 /* Style_ColorTests.swift in Sources */ = {isa = PBXBuildFile; fileRef = D08F57721FF022A4007A3957 /* Style_ColorTests.swift */; };
		D08F577F1FF025D2007A3957 /* ColorView.swift in Sources */ = {isa = PBXBuildFile; fileRef = D08F577E1FF025D2007A3957 /* ColorView.swift */; };
		D0E9A9381FF462AE002B0E23 /* ColorSlider.swift in Sources */ = {isa = PBXBuildFile; fileRef = D0E9A9371FF462AE002B0E23 /* ColorSlider.swift */; };
/* End PBXBuildFile section */

/* Begin PBXContainerItemProxy section */
		D08F576F1FF022A4007A3957 /* PBXContainerItemProxy */ = {
			isa = PBXContainerItemProxy;
			containerPortal = D08F57521FF022A3007A3957 /* Project object */;
			proxyType = 1;
			remoteGlobalIDString = D08F57591FF022A3007A3957;
			remoteInfo = "Style Color";
		};
/* End PBXContainerItemProxy section */

/* Begin PBXFileReference section */
		D08312961FF2D2E600DDC30A /* InputSelectorView.swift */ = {isa = PBXFileReference; lastKnownFileType = sourcecode.swift; path = InputSelectorView.swift; sourceTree = "<group>"; };
		D08312981FF2FD5700DDC30A /* GalleryButtonView.swift */ = {isa = PBXFileReference; lastKnownFileType = sourcecode.swift; path = GalleryButtonView.swift; sourceTree = "<group>"; };
		D083129A1FF303D300DDC30A /* CameraButtonView.swift */ = {isa = PBXFileReference; lastKnownFileType = sourcecode.swift; path = CameraButtonView.swift; sourceTree = "<group>"; };
		D08F575A1FF022A4007A3957 /* Style Color.app */ = {isa = PBXFileReference; explicitFileType = wrapper.application; includeInIndex = 0; path = "Style Color.app"; sourceTree = BUILT_PRODUCTS_DIR; };
		D08F575D1FF022A4007A3957 /* AppDelegate.swift */ = {isa = PBXFileReference; lastKnownFileType = sourcecode.swift; path = AppDelegate.swift; sourceTree = "<group>"; };
		D08F575F1FF022A4007A3957 /* ColorPickerViewController.swift */ = {isa = PBXFileReference; lastKnownFileType = sourcecode.swift; path = ColorPickerViewController.swift; sourceTree = "<group>"; };
		D08F57621FF022A4007A3957 /* Base */ = {isa = PBXFileReference; lastKnownFileType = file.storyboard; name = Base; path = Base.lproj/Main.storyboard; sourceTree = "<group>"; };
		D08F57641FF022A4007A3957 /* Assets.xcassets */ = {isa = PBXFileReference; lastKnownFileType = folder.assetcatalog; path = Assets.xcassets; sourceTree = "<group>"; };
		D08F57671FF022A4007A3957 /* Base */ = {isa = PBXFileReference; lastKnownFileType = file.storyboard; name = Base; path = Base.lproj/LaunchScreen.storyboard; sourceTree = "<group>"; };
		D08F57691FF022A4007A3957 /* Info.plist */ = {isa = PBXFileReference; lastKnownFileType = text.plist.xml; path = Info.plist; sourceTree = "<group>"; };
		D08F576E1FF022A4007A3957 /* Style ColorTests.xctest */ = {isa = PBXFileReference; explicitFileType = wrapper.cfbundle; includeInIndex = 0; path = "Style ColorTests.xctest"; sourceTree = BUILT_PRODUCTS_DIR; };
		D08F57721FF022A4007A3957 /* Style_ColorTests.swift */ = {isa = PBXFileReference; lastKnownFileType = sourcecode.swift; path = Style_ColorTests.swift; sourceTree = "<group>"; };
		D08F57741FF022A4007A3957 /* Info.plist */ = {isa = PBXFileReference; lastKnownFileType = text.plist.xml; path = Info.plist; sourceTree = "<group>"; };
		D08F577E1FF025D2007A3957 /* ColorView.swift */ = {isa = PBXFileReference; lastKnownFileType = sourcecode.swift; path = ColorView.swift; sourceTree = "<group>"; };
		D0E9A9371FF462AE002B0E23 /* ColorSlider.swift */ = {isa = PBXFileReference; lastKnownFileType = sourcecode.swift; path = ColorSlider.swift; sourceTree = "<group>"; };
/* End PBXFileReference section */

/* Begin PBXFrameworksBuildPhase section */
		D08F57571FF022A3007A3957 /* Frameworks */ = {
			isa = PBXFrameworksBuildPhase;
			buildActionMask = 2147483647;
			files = (
			);
			runOnlyForDeploymentPostprocessing = 0;
		};
		D08F576B1FF022A4007A3957 /* Frameworks */ = {
			isa = PBXFrameworksBuildPhase;
			buildActionMask = 2147483647;
			files = (
			);
			runOnlyForDeploymentPostprocessing = 0;
		};
/* End PBXFrameworksBuildPhase section */

/* Begin PBXGroup section */
		D08F57511FF022A3007A3957 = {
			isa = PBXGroup;
			children = (
				D08F575C1FF022A4007A3957 /* Style Color */,
				D08F57711FF022A4007A3957 /* Style ColorTests */,
				D08F575B1FF022A4007A3957 /* Products */,
			);
			sourceTree = "<group>";
		};
		D08F575B1FF022A4007A3957 /* Products */ = {
			isa = PBXGroup;
			children = (
				D08F575A1FF022A4007A3957 /* Style Color.app */,
				D08F576E1FF022A4007A3957 /* Style ColorTests.xctest */,
			);
			name = Products;
			sourceTree = "<group>";
		};
		D08F575C1FF022A4007A3957 /* Style Color */ = {
			isa = PBXGroup;
			children = (
				D08F577D1FF025B0007A3957 /* Color Views */,
				D08F575D1FF022A4007A3957 /* AppDelegate.swift */,
				D08F575F1FF022A4007A3957 /* ColorPickerViewController.swift */,
				D08F57611FF022A4007A3957 /* Main.storyboard */,
				D08F57641FF022A4007A3957 /* Assets.xcassets */,
				D08F57661FF022A4007A3957 /* LaunchScreen.storyboard */,
				D08F57691FF022A4007A3957 /* Info.plist */,
			);
			path = "Style Color";
			sourceTree = "<group>";
		};
		D08F57711FF022A4007A3957 /* Style ColorTests */ = {
			isa = PBXGroup;
			children = (
				D08F57721FF022A4007A3957 /* Style_ColorTests.swift */,
				D08F57741FF022A4007A3957 /* Info.plist */,
			);
			path = "Style ColorTests";
			sourceTree = "<group>";
		};
		D08F577D1FF025B0007A3957 /* Color Views */ = {
			isa = PBXGroup;
			children = (
				D08F577E1FF025D2007A3957 /* ColorView.swift */,
				D08312961FF2D2E600DDC30A /* InputSelectorView.swift */,
				D08312981FF2FD5700DDC30A /* GalleryButtonView.swift */,
				D083129A1FF303D300DDC30A /* CameraButtonView.swift */,
				D0E9A9371FF462AE002B0E23 /* ColorSlider.swift */,
			);
			path = "Color Views";
			sourceTree = "<group>";
		};
/* End PBXGroup section */

/* Begin PBXNativeTarget section */
		D08F57591FF022A3007A3957 /* Style Color */ = {
			isa = PBXNativeTarget;
			buildConfigurationList = D08F57771FF022A4007A3957 /* Build configuration list for PBXNativeTarget "Style Color" */;
			buildPhases = (
				D08F57561FF022A3007A3957 /* Sources */,
				D08F57571FF022A3007A3957 /* Frameworks */,
				D08F57581FF022A3007A3957 /* Resources */,
			);
			buildRules = (
			);
			dependencies = (
			);
			name = "Style Color";
			productName = "Style Color";
			productReference = D08F575A1FF022A4007A3957 /* Style Color.app */;
			productType = "com.apple.product-type.application";
		};
		D08F576D1FF022A4007A3957 /* Style ColorTests */ = {
			isa = PBXNativeTarget;
			buildConfigurationList = D08F577A1FF022A4007A3957 /* Build configuration list for PBXNativeTarget "Style ColorTests" */;
			buildPhases = (
				D08F576A1FF022A4007A3957 /* Sources */,
				D08F576B1FF022A4007A3957 /* Frameworks */,
				D08F576C1FF022A4007A3957 /* Resources */,
			);
			buildRules = (
			);
			dependencies = (
				D08F57701FF022A4007A3957 /* PBXTargetDependency */,
			);
			name = "Style ColorTests";
			productName = "Style ColorTests";
			productReference = D08F576E1FF022A4007A3957 /* Style ColorTests.xctest */;
			productType = "com.apple.product-type.bundle.unit-test";
		};
/* End PBXNativeTarget section */

/* Begin PBXProject section */
		D08F57521FF022A3007A3957 /* Project object */ = {
			isa = PBXProject;
			attributes = {
				LastSwiftUpdateCheck = 0920;
				LastUpgradeCheck = 0920;
				ORGANIZATIONNAME = "Oklasoft LLC";
				TargetAttributes = {
					D08F57591FF022A3007A3957 = {
						CreatedOnToolsVersion = 9.2;
						ProvisioningStyle = Automatic;
					};
					D08F576D1FF022A4007A3957 = {
						CreatedOnToolsVersion = 9.2;
						ProvisioningStyle = Automatic;
						TestTargetID = D08F57591FF022A3007A3957;
					};
				};
			};
			buildConfigurationList = D08F57551FF022A3007A3957 /* Build configuration list for PBXProject "Style Color" */;
			compatibilityVersion = "Xcode 8.0";
			developmentRegion = en;
			hasScannedForEncodings = 0;
			knownRegions = (
				en,
				Base,
			);
			mainGroup = D08F57511FF022A3007A3957;
			productRefGroup = D08F575B1FF022A4007A3957 /* Products */;
			projectDirPath = "";
			projectRoot = "";
			targets = (
				D08F57591FF022A3007A3957 /* Style Color */,
				D08F576D1FF022A4007A3957 /* Style ColorTests */,
			);
		};
/* End PBXProject section */

/* Begin PBXResourcesBuildPhase section */
		D08F57581FF022A3007A3957 /* Resources */ = {
			isa = PBXResourcesBuildPhase;
			buildActionMask = 2147483647;
			files = (
				D08F57681FF022A4007A3957 /* LaunchScreen.storyboard in Resources */,
				D08F57651FF022A4007A3957 /* Assets.xcassets in Resources */,
				D08F57631FF022A4007A3957 /* Main.storyboard in Resources */,
			);
			runOnlyForDeploymentPostprocessing = 0;
		};
		D08F576C1FF022A4007A3957 /* Resources */ = {
			isa = PBXResourcesBuildPhase;
			buildActionMask = 2147483647;
			files = (
			);
			runOnlyForDeploymentPostprocessing = 0;
		};
/* End PBXResourcesBuildPhase section */

/* Begin PBXSourcesBuildPhase section */
		D08F57561FF022A3007A3957 /* Sources */ = {
			isa = PBXSourcesBuildPhase;
			buildActionMask = 2147483647;
			files = (
				D0E9A9381FF462AE002B0E23 /* ColorSlider.swift in Sources */,
				D08F577F1FF025D2007A3957 /* ColorView.swift in Sources */,
				D08F57601FF022A4007A3957 /* ColorPickerViewController.swift in Sources */,
				D08312971FF2D2E600DDC30A /* InputSelectorView.swift in Sources */,
				D083129B1FF303D300DDC30A /* CameraButtonView.swift in Sources */,
				D08F575E1FF022A4007A3957 /* AppDelegate.swift in Sources */,
				D08312991FF2FD5700DDC30A /* GalleryButtonView.swift in Sources */,
			);
			runOnlyForDeploymentPostprocessing = 0;
		};
		D08F576A1FF022A4007A3957 /* Sources */ = {
			isa = PBXSourcesBuildPhase;
			buildActionMask = 2147483647;
			files = (
				D08F57731FF022A4007A3957 /* Style_ColorTests.swift in Sources */,
			);
			runOnlyForDeploymentPostprocessing = 0;
		};
/* End PBXSourcesBuildPhase section */

/* Begin PBXTargetDependency section */
		D08F57701FF022A4007A3957 /* PBXTargetDependency */ = {
			isa = PBXTargetDependency;
			target = D08F57591FF022A3007A3957 /* Style Color */;
			targetProxy = D08F576F1FF022A4007A3957 /* PBXContainerItemProxy */;
		};
/* End PBXTargetDependency section */

/* Begin PBXVariantGroup section */
		D08F57611FF022A4007A3957 /* Main.storyboard */ = {
			isa = PBXVariantGroup;
			children = (
				D08F57621FF022A4007A3957 /* Base */,
			);
			name = Main.storyboard;
			sourceTree = "<group>";
		};
		D08F57661FF022A4007A3957 /* LaunchScreen.storyboard */ = {
			isa = PBXVariantGroup;
			children = (
				D08F57671FF022A4007A3957 /* Base */,
			);
			name = LaunchScreen.storyboard;
			sourceTree = "<group>";
		};
/* End PBXVariantGroup section */

/* Begin XCBuildConfiguration section */
		D08F57751FF022A4007A3957 /* Debug */ = {
			isa = XCBuildConfiguration;
			buildSettings = {
				ALWAYS_SEARCH_USER_PATHS = NO;
				CLANG_ANALYZER_NONNULL = YES;
				CLANG_ANALYZER_NUMBER_OBJECT_CONVERSION = YES_AGGRESSIVE;
				CLANG_CXX_LANGUAGE_STANDARD = "gnu++14";
				CLANG_CXX_LIBRARY = "libc++";
				CLANG_ENABLE_MODULES = YES;
				CLANG_ENABLE_OBJC_ARC = YES;
				CLANG_WARN_BLOCK_CAPTURE_AUTORELEASING = YES;
				CLANG_WARN_BOOL_CONVERSION = YES;
				CLANG_WARN_COMMA = YES;
				CLANG_WARN_CONSTANT_CONVERSION = YES;
				CLANG_WARN_DIRECT_OBJC_ISA_USAGE = YES_ERROR;
				CLANG_WARN_DOCUMENTATION_COMMENTS = YES;
				CLANG_WARN_EMPTY_BODY = YES;
				CLANG_WARN_ENUM_CONVERSION = YES;
				CLANG_WARN_INFINITE_RECURSION = YES;
				CLANG_WARN_INT_CONVERSION = YES;
				CLANG_WARN_NON_LITERAL_NULL_CONVERSION = YES;
				CLANG_WARN_OBJC_LITERAL_CONVERSION = YES;
				CLANG_WARN_OBJC_ROOT_CLASS = YES_ERROR;
				CLANG_WARN_RANGE_LOOP_ANALYSIS = YES;
				CLANG_WARN_STRICT_PROTOTYPES = YES;
				CLANG_WARN_SUSPICIOUS_MOVE = YES;
				CLANG_WARN_UNGUARDED_AVAILABILITY = YES_AGGRESSIVE;
				CLANG_WARN_UNREACHABLE_CODE = YES;
				CLANG_WARN__DUPLICATE_METHOD_MATCH = YES;
				CODE_SIGN_IDENTITY = "iPhone Developer";
				COPY_PHASE_STRIP = NO;
				DEBUG_INFORMATION_FORMAT = dwarf;
				ENABLE_STRICT_OBJC_MSGSEND = YES;
				ENABLE_TESTABILITY = YES;
				GCC_C_LANGUAGE_STANDARD = gnu11;
				GCC_DYNAMIC_NO_PIC = NO;
				GCC_NO_COMMON_BLOCKS = YES;
				GCC_OPTIMIZATION_LEVEL = 0;
				GCC_PREPROCESSOR_DEFINITIONS = (
					"DEBUG=1",
					"$(inherited)",
				);
				GCC_WARN_64_TO_32_BIT_CONVERSION = YES;
				GCC_WARN_ABOUT_RETURN_TYPE = YES_ERROR;
				GCC_WARN_UNDECLARED_SELECTOR = YES;
				GCC_WARN_UNINITIALIZED_AUTOS = YES_AGGRESSIVE;
				GCC_WARN_UNUSED_FUNCTION = YES;
				GCC_WARN_UNUSED_VARIABLE = YES;
				IPHONEOS_DEPLOYMENT_TARGET = 11.2;
				MTL_ENABLE_DEBUG_INFO = YES;
				ONLY_ACTIVE_ARCH = YES;
				SDKROOT = iphoneos;
				SWIFT_ACTIVE_COMPILATION_CONDITIONS = DEBUG;
				SWIFT_OPTIMIZATION_LEVEL = "-Onone";
			};
			name = Debug;
		};
		D08F57761FF022A4007A3957 /* Release */ = {
			isa = XCBuildConfiguration;
			buildSettings = {
				ALWAYS_SEARCH_USER_PATHS = NO;
				CLANG_ANALYZER_NONNULL = YES;
				CLANG_ANALYZER_NUMBER_OBJECT_CONVERSION = YES_AGGRESSIVE;
				CLANG_CXX_LANGUAGE_STANDARD = "gnu++14";
				CLANG_CXX_LIBRARY = "libc++";
				CLANG_ENABLE_MODULES = YES;
				CLANG_ENABLE_OBJC_ARC = YES;
				CLANG_WARN_BLOCK_CAPTURE_AUTORELEASING = YES;
				CLANG_WARN_BOOL_CONVERSION = YES;
				CLANG_WARN_COMMA = YES;
				CLANG_WARN_CONSTANT_CONVERSION = YES;
				CLANG_WARN_DIRECT_OBJC_ISA_USAGE = YES_ERROR;
				CLANG_WARN_DOCUMENTATION_COMMENTS = YES;
				CLANG_WARN_EMPTY_BODY = YES;
				CLANG_WARN_ENUM_CONVERSION = YES;
				CLANG_WARN_INFINITE_RECURSION = YES;
				CLANG_WARN_INT_CONVERSION = YES;
				CLANG_WARN_NON_LITERAL_NULL_CONVERSION = YES;
				CLANG_WARN_OBJC_LITERAL_CONVERSION = YES;
				CLANG_WARN_OBJC_ROOT_CLASS = YES_ERROR;
				CLANG_WARN_RANGE_LOOP_ANALYSIS = YES;
				CLANG_WARN_STRICT_PROTOTYPES = YES;
				CLANG_WARN_SUSPICIOUS_MOVE = YES;
				CLANG_WARN_UNGUARDED_AVAILABILITY = YES_AGGRESSIVE;
				CLANG_WARN_UNREACHABLE_CODE = YES;
				CLANG_WARN__DUPLICATE_METHOD_MATCH = YES;
				CODE_SIGN_IDENTITY = "iPhone Developer";
				COPY_PHASE_STRIP = NO;
				DEBUG_INFORMATION_FORMAT = "dwarf-with-dsym";
				ENABLE_NS_ASSERTIONS = NO;
				ENABLE_STRICT_OBJC_MSGSEND = YES;
				GCC_C_LANGUAGE_STANDARD = gnu11;
				GCC_NO_COMMON_BLOCKS = YES;
				GCC_WARN_64_TO_32_BIT_CONVERSION = YES;
				GCC_WARN_ABOUT_RETURN_TYPE = YES_ERROR;
				GCC_WARN_UNDECLARED_SELECTOR = YES;
				GCC_WARN_UNINITIALIZED_AUTOS = YES_AGGRESSIVE;
				GCC_WARN_UNUSED_FUNCTION = YES;
				GCC_WARN_UNUSED_VARIABLE = YES;
				IPHONEOS_DEPLOYMENT_TARGET = 11.2;
				MTL_ENABLE_DEBUG_INFO = NO;
				SDKROOT = iphoneos;
				SWIFT_OPTIMIZATION_LEVEL = "-Owholemodule";
				VALIDATE_PRODUCT = YES;
			};
			name = Release;
		};
		D08F57781FF022A4007A3957 /* Debug */ = {
			isa = XCBuildConfiguration;
			buildSettings = {
				ASSETCATALOG_COMPILER_APPICON_NAME = AppIcon;
				CODE_SIGN_STYLE = Automatic;
				DEVELOPMENT_TEAM = 26VT895967;
				INFOPLIST_FILE = "Style Color/Info.plist";
				LD_RUNPATH_SEARCH_PATHS = "$(inherited) @executable_path/Frameworks";
				PRODUCT_BUNDLE_IDENTIFIER = "com.oklasoft.Style-Color";
				PRODUCT_NAME = "$(TARGET_NAME)";
				SWIFT_VERSION = 4.0;
				TARGETED_DEVICE_FAMILY = "1,2";
			};
			name = Debug;
		};
		D08F57791FF022A4007A3957 /* Release */ = {
			isa = XCBuildConfiguration;
			buildSettings = {
				ASSETCATALOG_COMPILER_APPICON_NAME = AppIcon;
				CODE_SIGN_STYLE = Automatic;
				DEVELOPMENT_TEAM = 26VT895967;
				INFOPLIST_FILE = "Style Color/Info.plist";
				LD_RUNPATH_SEARCH_PATHS = "$(inherited) @executable_path/Frameworks";
				PRODUCT_BUNDLE_IDENTIFIER = "com.oklasoft.Style-Color";
				PRODUCT_NAME = "$(TARGET_NAME)";
				SWIFT_VERSION = 4.0;
				TARGETED_DEVICE_FAMILY = "1,2";
			};
			name = Release;
		};
		D08F577B1FF022A4007A3957 /* Debug */ = {
			isa = XCBuildConfiguration;
			buildSettings = {
				ALWAYS_EMBED_SWIFT_STANDARD_LIBRARIES = YES;
				BUNDLE_LOADER = "$(TEST_HOST)";
				CODE_SIGN_STYLE = Automatic;
				DEVELOPMENT_TEAM = 26VT895967;
				INFOPLIST_FILE = "Style ColorTests/Info.plist";
				LD_RUNPATH_SEARCH_PATHS = "$(inherited) @executable_path/Frameworks @loader_path/Frameworks";
				PRODUCT_BUNDLE_IDENTIFIER = "com.oklasoft.Style-ColorTests";
				PRODUCT_NAME = "$(TARGET_NAME)";
				SWIFT_VERSION = 4.0;
				TARGETED_DEVICE_FAMILY = "1,2";
				TEST_HOST = "$(BUILT_PRODUCTS_DIR)/Style Color.app/Style Color";
			};
			name = Debug;
		};
		D08F577C1FF022A4007A3957 /* Release */ = {
			isa = XCBuildConfiguration;
			buildSettings = {
				ALWAYS_EMBED_SWIFT_STANDARD_LIBRARIES = YES;
				BUNDLE_LOADER = "$(TEST_HOST)";
				CODE_SIGN_STYLE = Automatic;
				DEVELOPMENT_TEAM = 26VT895967;
				INFOPLIST_FILE = "Style ColorTests/Info.plist";
				LD_RUNPATH_SEARCH_PATHS = "$(inherited) @executable_path/Frameworks @loader_path/Frameworks";
				PRODUCT_BUNDLE_IDENTIFIER = "com.oklasoft.Style-ColorTests";
				PRODUCT_NAME = "$(TARGET_NAME)";
				SWIFT_VERSION = 4.0;
				TARGETED_DEVICE_FAMILY = "1,2";
				TEST_HOST = "$(BUILT_PRODUCTS_DIR)/Style Color.app/Style Color";
			};
			name = Release;
		};
/* End XCBuildConfiguration section */

/* Begin XCConfigurationList section */
		D08F57551FF022A3007A3957 /* Build configuration list for PBXProject "Style Color" */ = {
			isa = XCConfigurationList;
			buildConfigurations = (
				D08F57751FF022A4007A3957 /* Debug */,
				D08F57761FF022A4007A3957 /* Release */,
			);
			defaultConfigurationIsVisible = 0;
			defaultConfigurationName = Release;
		};
		D08F57771FF022A4007A3957 /* Build configuration list for PBXNativeTarget "Style Color" */ = {
			isa = XCConfigurationList;
			buildConfigurations = (
				D08F57781FF022A4007A3957 /* Debug */,
				D08F57791FF022A4007A3957 /* Release */,
			);
			defaultConfigurationIsVisible = 0;
			defaultConfigurationName = Release;
		};
		D08F577A1FF022A4007A3957 /* Build configuration list for PBXNativeTarget "Style ColorTests" */ = {
			isa = XCConfigurationList;
			buildConfigurations = (
				D08F577B1FF022A4007A3957 /* Debug */,
				D08F577C1FF022A4007A3957 /* Release */,
			);
			defaultConfigurationIsVisible = 0;
			defaultConfigurationName = Release;
		};
/* End XCConfigurationList section */
	};
	rootObject = D08F57521FF022A3007A3957 /* Project object */;
}
